
Microsoft Visual Studio Solution File, Format Version 12.00
# Visual Studio Version 16
VisualStudioVersion = 16.0.30907.101
MinimumVisualStudioVersion = 10.0.40219.1
Project("{FAE04EC0-301F-11D3-BF4B-00C04F79EFBC}") = "First_Class.UWP", "First_Class.UWP\First_Class.UWP.csproj", "{FFFED3F1-9950-48C3-AC5F-0A2116A6F935}"
EndProject
Project("{FAE04EC0-301F-11D3-BF4B-00C04F79EFBC}") = "First_Class.Android", "First_Class.Android\First_Class.Android.csproj", "{52E4F87F-AC25-46B0-AEF2-68D1F3DEA81C}"
EndProject
Project("{FAE04EC0-301F-11D3-BF4B-00C04F79EFBC}") = "First_Class.iOS", "First_Class.iOS\First_Class.iOS.csproj", "{F6E3BCBB-4FCE-47A4-BF59-7002BA767F46}"
EndProject
Project("{FAE04EC0-301F-11D3-BF4B-00C04F79EFBC}") = "First_Class", "First_Class\First_Class.csproj", "{6A3BE39E-2075-44CD-934A-4E44B9160EBA}"
EndProject
Global
	GlobalSection(SolutionConfigurationPlatforms) = preSolution
		Debug|Any CPU = Debug|Any CPU
		Debug|ARM = Debug|ARM
		Debug|iPhone = Debug|iPhone
		Debug|iPhoneSimulator = Debug|iPhoneSimulator
		Debug|x64 = Debug|x64
		Debug|x86 = Debug|x86
		Release|Any CPU = Release|Any CPU
		Release|ARM = Release|ARM
		Release|iPhone = Release|iPhone
		Release|iPhoneSimulator = Release|iPhoneSimulator
		Release|x64 = Release|x64
		Release|x86 = Release|x86
	EndGlobalSection
	GlobalSection(ProjectConfigurationPlatforms) = postSolution
		{FFFED3F1-9950-48C3-AC5F-0A2116A6F935}.Debug|Any CPU.ActiveCfg = Debug|x86
		{FFFED3F1-9950-48C3-AC5F-0A2116A6F935}.Debug|Any CPU.Build.0 = Debug|x86
		{FFFED3F1-9950-48C3-AC5F-0A2116A6F935}.Debug|Any CPU.Deploy.0 = Debug|x86
		{FFFED3F1-9950-48C3-AC5F-0A2116A6F935}.Debug|ARM.ActiveCfg = Debug|ARM
		{FFFED3F1-9950-48C3-AC5F-0A2116A6F935}.Debug|ARM.Build.0 = Debug|ARM
		{FFFED3F1-9950-48C3-AC5F-0A2116A6F935}.Debug|ARM.Deploy.0 = Debug|ARM
		{FFFED3F1-9950-48C3-AC5F-0A2116A6F935}.Debug|iPhone.ActiveCfg = Debug|x86
		{FFFED3F1-9950-48C3-AC5F-0A2116A6F935}.Debug|iPhone.Build.0 = Debug|x86
		{FFFED3F1-9950-48C3-AC5F-0A2116A6F935}.Debug|iPhone.Deploy.0 = Debug|x86
		{FFFED3F1-9950-48C3-AC5F-0A2116A6F935}.Debug|iPhoneSimulator.ActiveCfg = Debug|x86
		{FFFED3F1-9950-48C3-AC5F-0A2116A6F935}.Debug|iPhoneSimulator.Build.0 = Debug|x86
		{FFFED3F1-9950-48C3-AC5F-0A2116A6F935}.Debug|iPhoneSimulator.Deploy.0 = Debug|x86
		{FFFED3F1-9950-48C3-AC5F-0A2116A6F935}.Debug|x64.ActiveCfg = Debug|x64
		{FFFED3F1-9950-48C3-AC5F-0A2116A6F935}.Debug|x64.Build.0 = Debug|x64
		{FFFED3F1-9950-48C3-AC5F-0A2116A6F935}.Debug|x64.Deploy.0 = Debug|x64
		{FFFED3F1-9950-48C3-AC5F-0A2116A6F935}.Debug|x86.ActiveCfg = Debug|x86
		{FFFED3F1-9950-48C3-AC5F-0A2116A6F935}.Debug|x86.Build.0 = Debug|x86
		{FFFED3F1-9950-48C3-AC5F-0A2116A6F935}.Debug|x86.Deploy.0 = Debug|x86
		{FFFED3F1-9950-48C3-AC5F-0A2116A6F935}.Release|Any CPU.ActiveCfg = Release|x86
		{FFFED3F1-9950-48C3-AC5F-0A2116A6F935}.Release|Any CPU.Build.0 = Release|x86
		{FFFED3F1-9950-48C3-AC5F-0A2116A6F935}.Release|Any CPU.Deploy.0 = Release|x86
		{FFFED3F1-9950-48C3-AC5F-0A2116A6F935}.Release|ARM.ActiveCfg = Release|ARM
		{FFFED3F1-9950-48C3-AC5F-0A2116A6F935}.Release|ARM.Build.0 = Release|ARM
		{FFFED3F1-9950-48C3-AC5F-0A2116A6F935}.Release|ARM.Deploy.0 = Release|ARM
		{FFFED3F1-9950-48C3-AC5F-0A2116A6F935}.Release|iPhone.ActiveCfg = Release|x86
		{FFFED3F1-9950-48C3-AC5F-0A2116A6F935}.Release|iPhone.Build.0 = Release|x86
		{FFFED3F1-9950-48C3-AC5F-0A2116A6F935}.Release|iPhone.Deploy.0 = Release|x86
		{FFFED3F1-9950-48C3-AC5F-0A2116A6F935}.Release|iPhoneSimulator.ActiveCfg = Release|x86
		{FFFED3F1-9950-48C3-AC5F-0A2116A6F935}.Release|iPhoneSimulator.Build.0 = Release|x86
		{FFFED3F1-9950-48C3-AC5F-0A2116A6F935}.Release|iPhoneSimulator.Deploy.0 = Release|x86
		{FFFED3F1-9950-48C3-AC5F-0A2116A6F935}.Release|x64.ActiveCfg = Release|x64
		{FFFED3F1-9950-48C3-AC5F-0A2116A6F935}.Release|x64.Build.0 = Release|x64
		{FFFED3F1-9950-48C3-AC5F-0A2116A6F935}.Release|x64.Deploy.0 = Release|x64
		{FFFED3F1-9950-48C3-AC5F-0A2116A6F935}.Release|x86.ActiveCfg = Release|x86
		{FFFED3F1-9950-48C3-AC5F-0A2116A6F935}.Release|x86.Build.0 = Release|x86
		{FFFED3F1-9950-48C3-AC5F-0A2116A6F935}.Release|x86.Deploy.0 = Release|x86
		{52E4F87F-AC25-46B0-AEF2-68D1F3DEA81C}.Debug|Any CPU.ActiveCfg = Debug|Any CPU
		{52E4F87F-AC25-46B0-AEF2-68D1F3DEA81C}.Debug|Any CPU.Build.0 = Debug|Any CPU
		{52E4F87F-AC25-46B0-AEF2-68D1F3DEA81C}.Debug|Any CPU.Deploy.0 = Debug|Any CPU
		{52E4F87F-AC25-46B0-AEF2-68D1F3DEA81C}.Debug|ARM.ActiveCfg = Debug|Any CPU
		{52E4F87F-AC25-46B0-AEF2-68D1F3DEA81C}.Debug|ARM.Build.0 = Debug|Any CPU
		{52E4F87F-AC25-46B0-AEF2-68D1F3DEA81C}.Debug|ARM.Deploy.0 = Debug|Any CPU
		{52E4F87F-AC25-46B0-AEF2-68D1F3DEA81C}.Debug|iPhone.ActiveCfg = Debug|Any CPU
		{52E4F87F-AC25-46B0-AEF2-68D1F3DEA81C}.Debug|iPhone.Build.0 = Debug|Any CPU
		{52E4F87F-AC25-46B0-AEF2-68D1F3DEA81C}.Debug|iPhone.Deploy.0 = Debug|Any CPU
		{52E4F87F-AC25-46B0-AEF2-68D1F3DEA81C}.Debug|iPhoneSimulator.ActiveCfg = Debug|Any CPU
		{52E4F87F-AC25-46B0-AEF2-68D1F3DEA81C}.Debug|iPhoneSimulator.Build.0 = Debug|Any CPU
		{52E4F87F-AC25-46B0-AEF2-68D1F3DEA81C}.Debug|iPhoneSimulator.Deploy.0 = Debug|Any CPU
		{52E4F87F-AC25-46B0-AEF2-68D1F3DEA81C}.Debug|x64.ActiveCfg = Debug|Any CPU
		{52E4F87F-AC25-46B0-AEF2-68D1F3DEA81C}.Debug|x64.Build.0 = Debug|Any CPU
		{52E4F87F-AC25-46B0-AEF2-68D1F3DEA81C}.Debug|x64.Deploy.0 = Debug|Any CPU
		{52E4F87F-AC25-46B0-AEF2-68D1F3DEA81C}.Debug|x86.ActiveCfg = Debug|Any CPU
		{52E4F87F-AC25-46B0-AEF2-68D1F3DEA81C}.Debug|x86.Build.0 = Debug|Any CPU
		{52E4F87F-AC25-46B0-AEF2-68D1F3DEA81C}.Debug|x86.Deploy.0 = Debug|Any CPU
		{52E4F87F-AC25-46B0-AEF2-68D1F3DEA81C}.Release|Any CPU.ActiveCfg = Release|Any CPU
		{52E4F87F-AC25-46B0-AEF2-68D1F3DEA81C}.Release|Any CPU.Build.0 = Release|Any CPU
		{52E4F87F-AC25-46B0-AEF2-68D1F3DEA81C}.Release|Any CPU.Deploy.0 = Release|Any CPU
		{52E4F87F-AC25-46B0-AEF2-68D1F3DEA81C}.Release|ARM.ActiveCfg = Release|Any CPU
		{52E4F87F-AC25-46B0-AEF2-68D1F3DEA81C}.Release|ARM.Build.0 = Release|Any CPU
		{52E4F87F-AC25-46B0-AEF2-68D1F3DEA81C}.Release|ARM.Deploy.0 = Release|Any CPU
		{52E4F87F-AC25-46B0-AEF2-68D1F3DEA81C}.Release|iPhone.ActiveCfg = Release|Any CPU
		{52E4F87F-AC25-46B0-AEF2-68D1F3DEA81C}.Release|iPhone.Build.0 = Release|Any CPU
		{52E4F87F-AC25-46B0-AEF2-68D1F3DEA81C}.Release|iPhone.Deploy.0 = Release|Any CPU
		{52E4F87F-AC25-46B0-AEF2-68D1F3DEA81C}.Release|iPhoneSimulator.ActiveCfg = Release|Any CPU
		{52E4F87F-AC25-46B0-AEF2-68D1F3DEA81C}.Release|iPhoneSimulator.Build.0 = Release|Any CPU
		{52E4F87F-AC25-46B0-AEF2-68D1F3DEA81C}.Release|iPhoneSimulator.Deploy.0 = Release|Any CPU
		{52E4F87F-AC25-46B0-AEF2-68D1F3DEA81C}.Release|x64.ActiveCfg = Release|Any CPU
		{52E4F87F-AC25-46B0-AEF2-68D1F3DEA81C}.Release|x64.Build.0 = Release|Any CPU
		{52E4F87F-AC25-46B0-AEF2-68D1F3DEA81C}.Release|x64.Deploy.0 = Release|Any CPU
		{52E4F87F-AC25-46B0-AEF2-68D1F3DEA81C}.Release|x86.ActiveCfg = Release|Any CPU
		{52E4F87F-AC25-46B0-AEF2-68D1F3DEA81C}.Release|x86.Build.0 = Release|Any CPU
		{52E4F87F-AC25-46B0-AEF2-68D1F3DEA81C}.Release|x86.Deploy.0 = Release|Any CPU
		{F6E3BCBB-4FCE-47A4-BF59-7002BA767F46}.Debug|Any CPU.ActiveCfg = Debug|iPhoneSimulator
		{F6E3BCBB-4FCE-47A4-BF59-7002BA767F46}.Debug|Any CPU.Build.0 = Debug|iPhoneSimulator
		{F6E3BCBB-4FCE-47A4-BF59-7002BA767F46}.Debug|Any CPU.Deploy.0 = Debug|iPhoneSimulator
		{F6E3BCBB-4FCE-47A4-BF59-7002BA767F46}.Debug|ARM.ActiveCfg = Debug|iPhone
		{F6E3BCBB-4FCE-47A4-BF59-7002BA767F46}.Debug|ARM.Build.0 = Debug|iPhone
		{F6E3BCBB-4FCE-47A4-BF59-7002BA767F46}.Debug|ARM.Deploy.0 = Debug|iPhone
		{F6E3BCBB-4FCE-47A4-BF59-7002BA767F46}.Debug|iPhone.ActiveCfg = Debug|iPhone
		{F6E3BCBB-4FCE-47A4-BF59-7002BA767F46}.Debug|iPhone.Build.0 = Debug|iPhone
		{F6E3BCBB-4FCE-47A4-BF59-7002BA767F46}.Debug|iPhone.Deploy.0 = Debug|iPhone
		{F6E3BCBB-4FCE-47A4-BF59-7002BA767F46}.Debug|iPhoneSimulator.ActiveCfg = Debug|iPhoneSimulator
		{F6E3BCBB-4FCE-47A4-BF59-7002BA767F46}.Debug|iPhoneSimulator.Build.0 = Debug|iPhoneSimulator
		{F6E3BCBB-4FCE-47A4-BF59-7002BA767F46}.Debug|iPhoneSimulator.Deploy.0 = Debug|iPhoneSimulator
		{F6E3BCBB-4FCE-47A4-BF59-7002BA767F46}.Debug|x64.ActiveCfg = Debug|iPhoneSimulator
		{F6E3BCBB-4FCE-47A4-BF59-7002BA767F46}.Debug|x64.Build.0 = Debug|iPhoneSimulator
		{F6E3BCBB-4FCE-47A4-BF59-7002BA767F46}.Debug|x64.Deploy.0 = Debug|iPhoneSimulator
		{F6E3BCBB-4FCE-47A4-BF59-7002BA767F46}.Debug|x86.ActiveCfg = Debug|iPhoneSimulator
		{F6E3BCBB-4FCE-47A4-BF59-7002BA767F46}.Debug|x86.Build.0 = Debug|iPhoneSimulator
		{F6E3BCBB-4FCE-47A4-BF59-7002BA767F46}.Debug|x86.Deploy.0 = Debug|iPhoneSimulator
		{F6E3BCBB-4FCE-47A4-BF59-7002BA767F46}.Release|Any CPU.ActiveCfg = Release|iPhoneSimulator
		{F6E3BCBB-4FCE-47A4-BF59-7002BA767F46}.Release|Any CPU.Build.0 = Release|iPhoneSimulator
		{F6E3BCBB-4FCE-47A4-BF59-7002BA767F46}.Release|Any CPU.Deploy.0 = Release|iPhoneSimulator
		{F6E3BCBB-4FCE-47A4-BF59-7002BA767F46}.Release|ARM.ActiveCfg = Release|iPhoneSimulator
		{F6E3BCBB-4FCE-47A4-BF59-7002BA767F46}.Release|ARM.Build.0 = Release|iPhoneSimulator
		{F6E3BCBB-4FCE-47A4-BF59-7002BA767F46}.Release|ARM.Deploy.0 = Release|iPhoneSimulator
		{F6E3BCBB-4FCE-47A4-BF59-7002BA767F46}.Release|iPhone.ActiveCfg = Release|iPhone
		{F6E3BCBB-4FCE-47A4-BF59-7002BA767F46}.Release|iPhone.Build.0 = Release|iPhone
		{F6E3BCBB-4FCE-47A4-BF59-7002BA767F46}.Release|iPhone.Deploy.0 = Release|iPhone
		{F6E3BCBB-4FCE-47A4-BF59-7002BA767F46}.Release|iPhoneSimulator.ActiveCfg = Release|iPhoneSimulator
		{F6E3BCBB-4FCE-47A4-BF59-7002BA767F46}.Release|iPhoneSimulator.Build.0 = Release|iPhoneSimulator
		{F6E3BCBB-4FCE-47A4-BF59-7002BA767F46}.Release|iPhoneSimulator.Deploy.0 = Release|iPhoneSimulator
		{F6E3BCBB-4FCE-47A4-BF59-7002BA767F46}.Release|x64.ActiveCfg = Release|iPhoneSimulator
		{F6E3BCBB-4FCE-47A4-BF59-7002BA767F46}.Release|x64.Build.0 = Release|iPhoneSimulator
		{F6E3BCBB-4FCE-47A4-BF59-7002BA767F46}.Release|x64.Deploy.0 = Release|iPhoneSimulator
		{F6E3BCBB-4FCE-47A4-BF59-7002BA767F46}.Release|x86.ActiveCfg = Release|iPhoneSimulator
		{F6E3BCBB-4FCE-47A4-BF59-7002BA767F46}.Release|x86.Build.0 = Release|iPhoneSimulator
		{F6E3BCBB-4FCE-47A4-BF59-7002BA767F46}.Release|x86.Deploy.0 = Release|iPhoneSimulator
		{6A3BE39E-2075-44CD-934A-4E44B9160EBA}.Debug|Any CPU.ActiveCfg = Debug|Any CPU
		{6A3BE39E-2075-44CD-934A-4E44B9160EBA}.Debug|Any CPU.Build.0 = Debug|Any CPU
		{6A3BE39E-2075-44CD-934A-4E44B9160EBA}.Debug|Any CPU.Deploy.0 = Debug|Any CPU
		{6A3BE39E-2075-44CD-934A-4E44B9160EBA}.Debug|ARM.ActiveCfg = Debug|Any CPU
		{6A3BE39E-2075-44CD-934A-4E44B9160EBA}.Debug|ARM.Build.0 = Debug|Any CPU
		{6A3BE39E-2075-44CD-934A-4E44B9160EBA}.Debug|ARM.Deploy.0 = Debug|Any CPU
		{6A3BE39E-2075-44CD-934A-4E44B9160EBA}.Debug|iPhone.ActiveCfg = Debug|Any CPU
		{6A3BE39E-2075-44CD-934A-4E44B9160EBA}.Debug|iPhone.Build.0 = Debug|Any CPU
		{6A3BE39E-2075-44CD-934A-4E44B9160EBA}.Debug|iPhone.Deploy.0 = Debug|Any CPU
		{6A3BE39E-2075-44CD-934A-4E44B9160EBA}.Debug|iPhoneSimulator.ActiveCfg = Debug|Any CPU
		{6A3BE39E-2075-44CD-934A-4E44B9160EBA}.Debug|iPhoneSimulator.Build.0 = Debug|Any CPU
		{6A3BE39E-2075-44CD-934A-4E44B9160EBA}.Debug|iPhoneSimulator.Deploy.0 = Debug|Any CPU
		{6A3BE39E-2075-44CD-934A-4E44B9160EBA}.Debug|x64.ActiveCfg = Debug|Any CPU
		{6A3BE39E-2075-44CD-934A-4E44B9160EBA}.Debug|x64.Build.0 = Debug|Any CPU
		{6A3BE39E-2075-44CD-934A-4E44B9160EBA}.Debug|x64.Deploy.0 = Debug|Any CPU
		{6A3BE39E-2075-44CD-934A-4E44B9160EBA}.Debug|x86.ActiveCfg = Debug|Any CPU
		{6A3BE39E-2075-44CD-934A-4E44B9160EBA}.Debug|x86.Build.0 = Debug|Any CPU
		{6A3BE39E-2075-44CD-934A-4E44B9160EBA}.Debug|x86.Deploy.0 = Debug|Any CPU
		{6A3BE39E-2075-44CD-934A-4E44B9160EBA}.Release|Any CPU.ActiveCfg = Release|Any CPU
		{6A3BE39E-2075-44CD-934A-4E44B9160EBA}.Release|Any CPU.Build.0 = Release|Any CPU
		{6A3BE39E-2075-44CD-934A-4E44B9160EBA}.Release|Any CPU.Deploy.0 = Release|Any CPU
		{6A3BE39E-2075-44CD-934A-4E44B9160EBA}.Release|ARM.ActiveCfg = Release|Any CPU
		{6A3BE39E-2075-44CD-934A-4E44B9160EBA}.Release|ARM.Build.0 = Release|Any CPU
		{6A3BE39E-2075-44CD-934A-4E44B9160EBA}.Release|ARM.Deploy.0 = Release|Any CPU
		{6A3BE39E-2075-44CD-934A-4E44B9160EBA}.Release|iPhone.ActiveCfg = Release|Any CPU
		{6A3BE39E-2075-44CD-934A-4E44B9160EBA}.Release|iPhone.Build.0 = Release|Any CPU
		{6A3BE39E-2075-44CD-934A-4E44B9160EBA}.Release|iPhone.Deploy.0 = Release|Any CPU
		{6A3BE39E-2075-44CD-934A-4E44B9160EBA}.Release|iPhoneSimulator.ActiveCfg = Release|Any CPU
		{6A3BE39E-2075-44CD-934A-4E44B9160EBA}.Release|iPhoneSimulator.Build.0 = Release|Any CPU
		{6A3BE39E-2075-44CD-934A-4E44B9160EBA}.Release|iPhoneSimulator.Deploy.0 = Release|Any CPU
		{6A3BE39E-2075-44CD-934A-4E44B9160EBA}.Release|x64.ActiveCfg = Release|Any CPU
		{6A3BE39E-2075-44CD-934A-4E44B9160EBA}.Release|x64.Build.0 = Release|Any CPU
		{6A3BE39E-2075-44CD-934A-4E44B9160EBA}.Release|x64.Deploy.0 = Release|Any CPU
		{6A3BE39E-2075-44CD-934A-4E44B9160EBA}.Release|x86.ActiveCfg = Release|Any CPU
		{6A3BE39E-2075-44CD-934A-4E44B9160EBA}.Release|x86.Build.0 = Release|Any CPU
		{6A3BE39E-2075-44CD-934A-4E44B9160EBA}.Release|x86.Deploy.0 = Release|Any CPU
	EndGlobalSection
	GlobalSection(SolutionProperties) = preSolution
		HideSolutionNode = FALSE
	EndGlobalSection
	GlobalSection(ExtensibilityGlobals) = postSolution
		SolutionGuid = {174CD233-2B76-4B6C-B49A-0E0B15817C06}
	EndGlobalSection
EndGlobal
